
Microsoft Visual Studio Solution File, Format Version 12.00
# Visual Studio Version 16
VisualStudioVersion = 16.0.29709.97
MinimumVisualStudioVersion = 10.0.40219.1
Project("{FAE04EC0-301F-11D3-BF4B-00C04F79EFBC}") = "PennyTracker.Web", "PennyTracker.Web\PennyTracker.Web.csproj", "{7EF9CCC5-F851-471C-9E71-5C218D346C20}"
EndProject
Global
	GlobalSection(SolutionConfigurationPlatforms) = preSolution
		Debug|Any CPU = Debug|Any CPU
		Release|Any CPU = Release|Any CPU
	EndGlobalSection
	GlobalSection(ProjectConfigurationPlatforms) = postSolution
		{7EF9CCC5-F851-471C-9E71-5C218D346C20}.Debug|Any CPU.ActiveCfg = Debug|Any CPU
		{7EF9CCC5-F851-471C-9E71-5C218D346C20}.Debug|Any CPU.Build.0 = Debug|Any CPU
		{7EF9CCC5-F851-471C-9E71-5C218D346C20}.Release|Any CPU.ActiveCfg = Release|Any CPU
		{7EF9CCC5-F851-471C-9E71-5C218D346C20}.Release|Any CPU.Build.0 = Release|Any CPU
	EndGlobalSection
	GlobalSection(SolutionProperties) = preSolution
		HideSolutionNode = FALSE
	EndGlobalSection
	GlobalSection(ExtensibilityGlobals) = postSolution
		SolutionGuid = {983A4DCD-3795-4B42-9A14-9BAC3B1E682B}
	EndGlobalSection
EndGlobal
